
Microsoft Visual Studio Solution File, Format Version 12.00
# Visual Studio 15
VisualStudioVersion = 15.0.28307.421
MinimumVisualStudioVersion = 10.0.40219.1
Project("{FAE04EC0-301F-11D3-BF4B-00C04F79EFBC}") = "TrainingService", "TrainingService\TrainingService.csproj", "{D38627DC-31C4-40E5-B003-D82C1DC05063}"
EndProject
Project("{FAE04EC0-301F-11D3-BF4B-00C04F79EFBC}") = "TrainingData", "TrainingData\TrainingData.csproj", "{A4FD5841-1F2B-408D-A994-D7BD2BA34110}"
EndProject
Project("{FAE04EC0-301F-11D3-BF4B-00C04F79EFBC}") = "TrainingServiceTests", "TrainingServiceTests\TrainingServiceTests.csproj", "{492B0A43-6B48-4520-971E-ED6DF613CD30}"
EndProject
Global
	GlobalSection(SolutionConfigurationPlatforms) = preSolution
		Debug|Any CPU = Debug|Any CPU
		Release|Any CPU = Release|Any CPU
	EndGlobalSection
	GlobalSection(ProjectConfigurationPlatforms) = postSolution
		{D38627DC-31C4-40E5-B003-D82C1DC05063}.Debug|Any CPU.ActiveCfg = Debug|Any CPU
		{D38627DC-31C4-40E5-B003-D82C1DC05063}.Debug|Any CPU.Build.0 = Debug|Any CPU
		{D38627DC-31C4-40E5-B003-D82C1DC05063}.Release|Any CPU.ActiveCfg = Release|Any CPU
		{D38627DC-31C4-40E5-B003-D82C1DC05063}.Release|Any CPU.Build.0 = Release|Any CPU
		{A4FD5841-1F2B-408D-A994-D7BD2BA34110}.Debug|Any CPU.ActiveCfg = Debug|Any CPU
		{A4FD5841-1F2B-408D-A994-D7BD2BA34110}.Debug|Any CPU.Build.0 = Debug|Any CPU
		{A4FD5841-1F2B-408D-A994-D7BD2BA34110}.Release|Any CPU.ActiveCfg = Release|Any CPU
		{A4FD5841-1F2B-408D-A994-D7BD2BA34110}.Release|Any CPU.Build.0 = Release|Any CPU
		{492B0A43-6B48-4520-971E-ED6DF613CD30}.Debug|Any CPU.ActiveCfg = Debug|Any CPU
		{492B0A43-6B48-4520-971E-ED6DF613CD30}.Debug|Any CPU.Build.0 = Debug|Any CPU
		{492B0A43-6B48-4520-971E-ED6DF613CD30}.Release|Any CPU.ActiveCfg = Release|Any CPU
		{492B0A43-6B48-4520-971E-ED6DF613CD30}.Release|Any CPU.Build.0 = Release|Any CPU
	EndGlobalSection
	GlobalSection(SolutionProperties) = preSolution
		HideSolutionNode = FALSE
	EndGlobalSection
	GlobalSection(ExtensibilityGlobals) = postSolution
		SolutionGuid = {4382AA8F-40BE-44EC-A338-A5FC180A6DA4}
	EndGlobalSection
EndGlobal
